// !$*UTF8*$!
{
	archiveVersion = 1;
	classes = {
	};
	objectVersion = 51;
	objects = {

/* Begin PBXBuildFile section */
		572343DF26B097E000B401BC /* BaseViewController.swift in Sources */ = {isa = PBXBuildFile; fileRef = 572343DE26B097E000B401BC /* BaseViewController.swift */; };
		572343E126B097EE00B401BC /* BaseView.swift in Sources */ = {isa = PBXBuildFile; fileRef = 572343E026B097EE00B401BC /* BaseView.swift */; };
		572343E426B098FD00B401BC /* LayoutableViewController.swift in Sources */ = {isa = PBXBuildFile; fileRef = 572343E326B098FD00B401BC /* LayoutableViewController.swift */; };
		572343E626B0993E00B401BC /* LayoutableView.swift in Sources */ = {isa = PBXBuildFile; fileRef = 572343E526B0993E00B401BC /* LayoutableView.swift */; };
		572343E926B09A1700B401BC /* MainView.swift in Sources */ = {isa = PBXBuildFile; fileRef = 572343E826B09A1700B401BC /* MainView.swift */; };
		572343EC26B09BFD00B401BC /* MainViewModel.swift in Sources */ = {isa = PBXBuildFile; fileRef = 572343EB26B09BFD00B401BC /* MainViewModel.swift */; };
		572343EE26B09CCE00B401BC /* ViewModel.swift in Sources */ = {isa = PBXBuildFile; fileRef = 572343ED26B09CCE00B401BC /* ViewModel.swift */; };
		572343F126B09FBA00B401BC /* Service.swift in Sources */ = {isa = PBXBuildFile; fileRef = 572343F026B09FBA00B401BC /* Service.swift */; };
		572343F326B0A0A400B401BC /* APISession.swift in Sources */ = {isa = PBXBuildFile; fileRef = 572343F226B0A0A400B401BC /* APISession.swift */; };
		572343F526B0A0BE00B401BC /* Logger.swift in Sources */ = {isa = PBXBuildFile; fileRef = 572343F426B0A0BE00B401BC /* Logger.swift */; };
		572343F726B0A13A00B401BC /* EndPoint.swift in Sources */ = {isa = PBXBuildFile; fileRef = 572343F626B0A13A00B401BC /* EndPoint.swift */; };
		572343FA26B0A17E00B401BC /* Alamofire+Extensions.swift in Sources */ = {isa = PBXBuildFile; fileRef = 572343F926B0A17E00B401BC /* Alamofire+Extensions.swift */; };
		572343FC26B0A24600B401BC /* ProgressHUDPresentable.swift in Sources */ = {isa = PBXBuildFile; fileRef = 572343FB26B0A24600B401BC /* ProgressHUDPresentable.swift */; };
		572343FF26B0A56B00B401BC /* DriverList.swift in Sources */ = {isa = PBXBuildFile; fileRef = 572343FE26B0A56B00B401BC /* DriverList.swift */; };
		5723440126B0A5B000B401BC /* Driver.swift in Sources */ = {isa = PBXBuildFile; fileRef = 5723440026B0A5B000B401BC /* Driver.swift */; };
		5723440326B0A99100B401BC /* AlertPresentable.swift in Sources */ = {isa = PBXBuildFile; fileRef = 5723440226B0A99100B401BC /* AlertPresentable.swift */; };
		5723440526B0B1B600B401BC /* DriverTableViewCell.swift in Sources */ = {isa = PBXBuildFile; fileRef = 5723440426B0B1B600B401BC /* DriverTableViewCell.swift */; };
		5723440726B0B22C00B401BC /* BaseTableViewCell.swift in Sources */ = {isa = PBXBuildFile; fileRef = 5723440626B0B22C00B401BC /* BaseTableViewCell.swift */; };
		5723440B26B0B92500B401BC /* DetailViewController.swift in Sources */ = {isa = PBXBuildFile; fileRef = 5723440A26B0B92500B401BC /* DetailViewController.swift */; };
		5723440E26B0B94C00B401BC /* DetailView.swift in Sources */ = {isa = PBXBuildFile; fileRef = 5723440D26B0B94C00B401BC /* DetailView.swift */; };
		5723441126B0BB7300B401BC /* DriverDetail.swift in Sources */ = {isa = PBXBuildFile; fileRef = 5723441026B0BB7300B401BC /* DriverDetail.swift */; };
		5723441426B0BBB100B401BC /* DetailViewModel.swift in Sources */ = {isa = PBXBuildFile; fileRef = 5723441326B0BBB100B401BC /* DetailViewModel.swift */; };
		57EA493826B08349005907C3 /* AppDelegate.swift in Sources */ = {isa = PBXBuildFile; fileRef = 57EA493726B08349005907C3 /* AppDelegate.swift */; };
		57EA493C26B08349005907C3 /* MainViewController.swift in Sources */ = {isa = PBXBuildFile; fileRef = 57EA493B26B08349005907C3 /* MainViewController.swift */; };
		57EA494126B0834C005907C3 /* Assets.xcassets in Resources */ = {isa = PBXBuildFile; fileRef = 57EA494026B0834C005907C3 /* Assets.xcassets */; };
		57EA494426B0834C005907C3 /* LaunchScreen.storyboard in Resources */ = {isa = PBXBuildFile; fileRef = 57EA494226B0834C005907C3 /* LaunchScreen.storyboard */; };
		CEEACD9835C8709EC9DCF370 /* Pods_ios_template.framework in Frameworks */ = {isa = PBXBuildFile; fileRef = 24C0F23C0EF884C1ECC3F3D3 /* Pods_ios_template.framework */; };
/* End PBXBuildFile section */

/* Begin PBXFileReference section */
		2376FAA9116612637BC1563E /* Pods-ios-template.debug.xcconfig */ = {isa = PBXFileReference; includeInIndex = 1; lastKnownFileType = text.xcconfig; name = "Pods-ios-template.debug.xcconfig"; path = "Target Support Files/Pods-ios-template/Pods-ios-template.debug.xcconfig"; sourceTree = "<group>"; };
		24C0F23C0EF884C1ECC3F3D3 /* Pods_ios_template.framework */ = {isa = PBXFileReference; explicitFileType = wrapper.framework; includeInIndex = 0; path = Pods_ios_template.framework; sourceTree = BUILT_PRODUCTS_DIR; };
		2FCBA878FD148C345FCB92EF /* Pods-ios-template.release.xcconfig */ = {isa = PBXFileReference; includeInIndex = 1; lastKnownFileType = text.xcconfig; name = "Pods-ios-template.release.xcconfig"; path = "Target Support Files/Pods-ios-template/Pods-ios-template.release.xcconfig"; sourceTree = "<group>"; };
		572343DE26B097E000B401BC /* BaseViewController.swift */ = {isa = PBXFileReference; lastKnownFileType = sourcecode.swift; path = BaseViewController.swift; sourceTree = "<group>"; };
		572343E026B097EE00B401BC /* BaseView.swift */ = {isa = PBXFileReference; lastKnownFileType = sourcecode.swift; path = BaseView.swift; sourceTree = "<group>"; };
		572343E326B098FD00B401BC /* LayoutableViewController.swift */ = {isa = PBXFileReference; lastKnownFileType = sourcecode.swift; path = LayoutableViewController.swift; sourceTree = "<group>"; };
		572343E526B0993E00B401BC /* LayoutableView.swift */ = {isa = PBXFileReference; lastKnownFileType = sourcecode.swift; path = LayoutableView.swift; sourceTree = "<group>"; };
		572343E826B09A1700B401BC /* MainView.swift */ = {isa = PBXFileReference; lastKnownFileType = sourcecode.swift; path = MainView.swift; sourceTree = "<group>"; };
		572343EB26B09BFD00B401BC /* MainViewModel.swift */ = {isa = PBXFileReference; lastKnownFileType = sourcecode.swift; path = MainViewModel.swift; sourceTree = "<group>"; };
		572343ED26B09CCE00B401BC /* ViewModel.swift */ = {isa = PBXFileReference; lastKnownFileType = sourcecode.swift; path = ViewModel.swift; sourceTree = "<group>"; };
		572343F026B09FBA00B401BC /* Service.swift */ = {isa = PBXFileReference; lastKnownFileType = sourcecode.swift; path = Service.swift; sourceTree = "<group>"; };
		572343F226B0A0A400B401BC /* APISession.swift */ = {isa = PBXFileReference; lastKnownFileType = sourcecode.swift; path = APISession.swift; sourceTree = "<group>"; };
		572343F426B0A0BE00B401BC /* Logger.swift */ = {isa = PBXFileReference; lastKnownFileType = sourcecode.swift; path = Logger.swift; sourceTree = "<group>"; };
		572343F626B0A13A00B401BC /* EndPoint.swift */ = {isa = PBXFileReference; lastKnownFileType = sourcecode.swift; path = EndPoint.swift; sourceTree = "<group>"; };
		572343F926B0A17E00B401BC /* Alamofire+Extensions.swift */ = {isa = PBXFileReference; lastKnownFileType = sourcecode.swift; path = "Alamofire+Extensions.swift"; sourceTree = "<group>"; };
		572343FB26B0A24600B401BC /* ProgressHUDPresentable.swift */ = {isa = PBXFileReference; lastKnownFileType = sourcecode.swift; path = ProgressHUDPresentable.swift; sourceTree = "<group>"; };
		572343FE26B0A56B00B401BC /* DriverList.swift */ = {isa = PBXFileReference; lastKnownFileType = sourcecode.swift; path = DriverList.swift; sourceTree = "<group>"; };
		5723440026B0A5B000B401BC /* Driver.swift */ = {isa = PBXFileReference; lastKnownFileType = sourcecode.swift; path = Driver.swift; sourceTree = "<group>"; };
		5723440226B0A99100B401BC /* AlertPresentable.swift */ = {isa = PBXFileReference; lastKnownFileType = sourcecode.swift; path = AlertPresentable.swift; sourceTree = "<group>"; };
		5723440426B0B1B600B401BC /* DriverTableViewCell.swift */ = {isa = PBXFileReference; lastKnownFileType = sourcecode.swift; path = DriverTableViewCell.swift; sourceTree = "<group>"; };
		5723440626B0B22C00B401BC /* BaseTableViewCell.swift */ = {isa = PBXFileReference; lastKnownFileType = sourcecode.swift; path = BaseTableViewCell.swift; sourceTree = "<group>"; };
		5723440A26B0B92500B401BC /* DetailViewController.swift */ = {isa = PBXFileReference; lastKnownFileType = sourcecode.swift; path = DetailViewController.swift; sourceTree = "<group>"; };
		5723440D26B0B94C00B401BC /* DetailView.swift */ = {isa = PBXFileReference; lastKnownFileType = sourcecode.swift; path = DetailView.swift; sourceTree = "<group>"; };
		5723441026B0BB7300B401BC /* DriverDetail.swift */ = {isa = PBXFileReference; lastKnownFileType = sourcecode.swift; path = DriverDetail.swift; sourceTree = "<group>"; };
		5723441326B0BBB100B401BC /* DetailViewModel.swift */ = {isa = PBXFileReference; lastKnownFileType = sourcecode.swift; path = DetailViewModel.swift; sourceTree = "<group>"; };
		57EA493426B08349005907C3 /* ios-template.app */ = {isa = PBXFileReference; explicitFileType = wrapper.application; includeInIndex = 0; path = "ios-template.app"; sourceTree = BUILT_PRODUCTS_DIR; };
		57EA493726B08349005907C3 /* AppDelegate.swift */ = {isa = PBXFileReference; lastKnownFileType = sourcecode.swift; path = AppDelegate.swift; sourceTree = "<group>"; };
		57EA493B26B08349005907C3 /* MainViewController.swift */ = {isa = PBXFileReference; lastKnownFileType = sourcecode.swift; path = MainViewController.swift; sourceTree = "<group>"; };
		57EA494026B0834C005907C3 /* Assets.xcassets */ = {isa = PBXFileReference; lastKnownFileType = folder.assetcatalog; path = Assets.xcassets; sourceTree = "<group>"; };
		57EA494326B0834C005907C3 /* Base */ = {isa = PBXFileReference; lastKnownFileType = file.storyboard; name = Base; path = Base.lproj/LaunchScreen.storyboard; sourceTree = "<group>"; };
		57EA494526B0834C005907C3 /* Info.plist */ = {isa = PBXFileReference; lastKnownFileType = text.plist.xml; path = Info.plist; sourceTree = "<group>"; };
/* End PBXFileReference section */

/* Begin PBXFrameworksBuildPhase section */
		57EA493126B08349005907C3 /* Frameworks */ = {
			isa = PBXFrameworksBuildPhase;
			buildActionMask = 2147483647;
			files = (
				CEEACD9835C8709EC9DCF370 /* Pods_ios_template.framework in Frameworks */,
			);
			runOnlyForDeploymentPostprocessing = 0;
		};
/* End PBXFrameworksBuildPhase section */

/* Begin PBXGroup section */
		165573262D436CAA2DA874C6 /* Pods */ = {
			isa = PBXGroup;
			children = (
				2376FAA9116612637BC1563E /* Pods-ios-template.debug.xcconfig */,
				2FCBA878FD148C345FCB92EF /* Pods-ios-template.release.xcconfig */,
			);
			path = Pods;
			sourceTree = "<group>";
		};
		572343DC26B097C400B401BC /* Core */ = {
			isa = PBXGroup;
			children = (
				572343F826B0A16E00B401BC /* Extensions */,
				572343E226B098EB00B401BC /* Protocols */,
				572343DD26B097C900B401BC /* Library */,
			);
			path = Core;
			sourceTree = "<group>";
		};
		572343DD26B097C900B401BC /* Library */ = {
			isa = PBXGroup;
			children = (
				572343DE26B097E000B401BC /* BaseViewController.swift */,
				572343E026B097EE00B401BC /* BaseView.swift */,
				5723440626B0B22C00B401BC /* BaseTableViewCell.swift */,
			);
			path = Library;
			sourceTree = "<group>";
		};
		572343E226B098EB00B401BC /* Protocols */ = {
			isa = PBXGroup;
			children = (
				572343E326B098FD00B401BC /* LayoutableViewController.swift */,
				572343E526B0993E00B401BC /* LayoutableView.swift */,
				572343ED26B09CCE00B401BC /* ViewModel.swift */,
				572343FB26B0A24600B401BC /* ProgressHUDPresentable.swift */,
				5723440226B0A99100B401BC /* AlertPresentable.swift */,
			);
			path = Protocols;
			sourceTree = "<group>";
		};
		572343E726B09A0800B401BC /* View */ = {
			isa = PBXGroup;
			children = (
				572343E826B09A1700B401BC /* MainView.swift */,
				5723440426B0B1B600B401BC /* DriverTableViewCell.swift */,
			);
			path = View;
			sourceTree = "<group>";
		};
		572343EA26B09BED00B401BC /* ViewModel */ = {
			isa = PBXGroup;
			children = (
				572343EB26B09BFD00B401BC /* MainViewModel.swift */,
			);
			path = ViewModel;
			sourceTree = "<group>";
		};
		572343EF26B09F9800B401BC /* Network */ = {
			isa = PBXGroup;
			children = (
				572343F026B09FBA00B401BC /* Service.swift */,
				572343F226B0A0A400B401BC /* APISession.swift */,
				572343F426B0A0BE00B401BC /* Logger.swift */,
				572343F626B0A13A00B401BC /* EndPoint.swift */,
			);
			path = Network;
			sourceTree = "<group>";
		};
		572343F826B0A16E00B401BC /* Extensions */ = {
			isa = PBXGroup;
			children = (
				572343F926B0A17E00B401BC /* Alamofire+Extensions.swift */,
			);
			path = Extensions;
			sourceTree = "<group>";
		};
		572343FD26B0A55E00B401BC /* Model */ = {
			isa = PBXGroup;
			children = (
				572343FE26B0A56B00B401BC /* DriverList.swift */,
				5723440026B0A5B000B401BC /* Driver.swift */,
			);
			path = Model;
			sourceTree = "<group>";
		};
		5723440826B0B91000B401BC /* Detail */ = {
			isa = PBXGroup;
			children = (
				5723441226B0BBA200B401BC /* ViewModel */,
				5723440F26B0BB6A00B401BC /* Model */,
				5723440C26B0B94000B401BC /* View */,
				5723440926B0B91600B401BC /* Controller */,
			);
			path = Detail;
			sourceTree = "<group>";
		};
		5723440926B0B91600B401BC /* Controller */ = {
			isa = PBXGroup;
			children = (
				5723440A26B0B92500B401BC /* DetailViewController.swift */,
			);
			path = Controller;
			sourceTree = "<group>";
		};
		5723440C26B0B94000B401BC /* View */ = {
			isa = PBXGroup;
			children = (
				5723440D26B0B94C00B401BC /* DetailView.swift */,
			);
			path = View;
			sourceTree = "<group>";
		};
		5723440F26B0BB6A00B401BC /* Model */ = {
			isa = PBXGroup;
			children = (
				5723441026B0BB7300B401BC /* DriverDetail.swift */,
			);
			path = Model;
			sourceTree = "<group>";
		};
		5723441226B0BBA200B401BC /* ViewModel */ = {
			isa = PBXGroup;
			children = (
				5723441326B0BBB100B401BC /* DetailViewModel.swift */,
			);
			path = ViewModel;
			sourceTree = "<group>";
		};
		57EA492B26B08349005907C3 = {
			isa = PBXGroup;
			children = (
				57EA493626B08349005907C3 /* ios-template */,
				57EA493526B08349005907C3 /* Products */,
				165573262D436CAA2DA874C6 /* Pods */,
				FB8427B85E292680D77ABC3F /* Frameworks */,
			);
			sourceTree = "<group>";
		};
		57EA493526B08349005907C3 /* Products */ = {
			isa = PBXGroup;
			children = (
				57EA493426B08349005907C3 /* ios-template.app */,
			);
			name = Products;
			sourceTree = "<group>";
		};
		57EA493626B08349005907C3 /* ios-template */ = {
			isa = PBXGroup;
			children = (
				57EA494C26B084A2005907C3 /* App */,
				57EA494D26B084B5005907C3 /* Screens */,
				57EA494B26B08485005907C3 /* Supporting Files */,
			);
			path = "ios-template";
			sourceTree = "<group>";
		};
		57EA494B26B08485005907C3 /* Supporting Files */ = {
			isa = PBXGroup;
			children = (
				57EA495426B0853B005907C3 /* Plists */,
				57EA495326B0852C005907C3 /* Assets */,
			);
			path = "Supporting Files";
			sourceTree = "<group>";
		};
		57EA494C26B084A2005907C3 /* App */ = {
			isa = PBXGroup;
			children = (
				572343EF26B09F9800B401BC /* Network */,
				572343DC26B097C400B401BC /* Core */,
				57EA495226B0851B005907C3 /* Launch */,
				57EA495126B08511005907C3 /* Delegate */,
			);
			path = App;
			sourceTree = "<group>";
		};
		57EA494D26B084B5005907C3 /* Screens */ = {
			isa = PBXGroup;
			children = (
				5723440826B0B91000B401BC /* Detail */,
				57EA494E26B084C5005907C3 /* Main */,
			);
			path = Screens;
			sourceTree = "<group>";
		};
		57EA494E26B084C5005907C3 /* Main */ = {
			isa = PBXGroup;
			children = (
				572343FD26B0A55E00B401BC /* Model */,
				572343EA26B09BED00B401BC /* ViewModel */,
				572343E726B09A0800B401BC /* View */,
				57EA494F26B084CE005907C3 /* Controller */,
			);
			path = Main;
			sourceTree = "<group>";
		};
		57EA494F26B084CE005907C3 /* Controller */ = {
			isa = PBXGroup;
			children = (
				57EA493B26B08349005907C3 /* MainViewController.swift */,
			);
			path = Controller;
			sourceTree = "<group>";
		};
		57EA495126B08511005907C3 /* Delegate */ = {
			isa = PBXGroup;
			children = (
				57EA493726B08349005907C3 /* AppDelegate.swift */,
			);
			path = Delegate;
			sourceTree = "<group>";
		};
		57EA495226B0851B005907C3 /* Launch */ = {
			isa = PBXGroup;
			children = (
				57EA494226B0834C005907C3 /* LaunchScreen.storyboard */,
			);
			path = Launch;
			sourceTree = "<group>";
		};
		57EA495326B0852C005907C3 /* Assets */ = {
			isa = PBXGroup;
			children = (
				57EA494026B0834C005907C3 /* Assets.xcassets */,
			);
			path = Assets;
			sourceTree = "<group>";
		};
		57EA495426B0853B005907C3 /* Plists */ = {
			isa = PBXGroup;
			children = (
				57EA494526B0834C005907C3 /* Info.plist */,
			);
			path = Plists;
			sourceTree = "<group>";
		};
		FB8427B85E292680D77ABC3F /* Frameworks */ = {
			isa = PBXGroup;
			children = (
				24C0F23C0EF884C1ECC3F3D3 /* Pods_ios_template.framework */,
			);
			name = Frameworks;
			sourceTree = "<group>";
		};
/* End PBXGroup section */

/* Begin PBXNativeTarget section */
		57EA493326B08349005907C3 /* ios-template */ = {
			isa = PBXNativeTarget;
			buildConfigurationList = 57EA494826B0834C005907C3 /* Build configuration list for PBXNativeTarget "ios-template" */;
			buildPhases = (
				BB64CBB004644597AC5DB2A1 /* [CP] Check Pods Manifest.lock */,
				57EA493026B08349005907C3 /* Sources */,
				57EA493126B08349005907C3 /* Frameworks */,
				57EA493226B08349005907C3 /* Resources */,
				3A387BE92560672E50760B01 /* [CP] Embed Pods Frameworks */,
			);
			buildRules = (
			);
			dependencies = (
			);
			name = "ios-template";
			productName = "ios-template";
			productReference = 57EA493426B08349005907C3 /* ios-template.app */;
			productType = "com.apple.product-type.application";
		};
/* End PBXNativeTarget section */

/* Begin PBXProject section */
		57EA492C26B08349005907C3 /* Project object */ = {
			isa = PBXProject;
			attributes = {
				LastSwiftUpdateCheck = 1250;
				LastUpgradeCheck = 1250;
				TargetAttributes = {
					57EA493326B08349005907C3 = {
						CreatedOnToolsVersion = 12.5;
					};
				};
			};
			buildConfigurationList = 57EA492F26B08349005907C3 /* Build configuration list for PBXProject "ios-template" */;
			compatibilityVersion = "Xcode 9.3";
			developmentRegion = en;
			hasScannedForEncodings = 0;
			knownRegions = (
				en,
				Base,
			);
			mainGroup = 57EA492B26B08349005907C3;
			productRefGroup = 57EA493526B08349005907C3 /* Products */;
			projectDirPath = "";
			projectRoot = "";
			targets = (
				57EA493326B08349005907C3 /* ios-template */,
			);
		};
/* End PBXProject section */

/* Begin PBXResourcesBuildPhase section */
		57EA493226B08349005907C3 /* Resources */ = {
			isa = PBXResourcesBuildPhase;
			buildActionMask = 2147483647;
			files = (
				57EA494426B0834C005907C3 /* LaunchScreen.storyboard in Resources */,
				57EA494126B0834C005907C3 /* Assets.xcassets in Resources */,
			);
			runOnlyForDeploymentPostprocessing = 0;
		};
/* End PBXResourcesBuildPhase section */

/* Begin PBXShellScriptBuildPhase section */
		3A387BE92560672E50760B01 /* [CP] Embed Pods Frameworks */ = {
			isa = PBXShellScriptBuildPhase;
			buildActionMask = 2147483647;
			files = (
			);
			inputFileListPaths = (
				"${PODS_ROOT}/Target Support Files/Pods-ios-template/Pods-ios-template-frameworks-${CONFIGURATION}-input-files.xcfilelist",
			);
			name = "[CP] Embed Pods Frameworks";
			outputFileListPaths = (
				"${PODS_ROOT}/Target Support Files/Pods-ios-template/Pods-ios-template-frameworks-${CONFIGURATION}-output-files.xcfilelist",
			);
			runOnlyForDeploymentPostprocessing = 0;
			shellPath = /bin/sh;
			shellScript = "\"${PODS_ROOT}/Target Support Files/Pods-ios-template/Pods-ios-template-frameworks.sh\"\n";
			showEnvVarsInLog = 0;
		};
		BB64CBB004644597AC5DB2A1 /* [CP] Check Pods Manifest.lock */ = {
			isa = PBXShellScriptBuildPhase;
			buildActionMask = 2147483647;
			files = (
			);
			inputFileListPaths = (
			);
			inputPaths = (
				"${PODS_PODFILE_DIR_PATH}/Podfile.lock",
				"${PODS_ROOT}/Manifest.lock",
			);
			name = "[CP] Check Pods Manifest.lock";
			outputFileListPaths = (
			);
			outputPaths = (
				"$(DERIVED_FILE_DIR)/Pods-ios-template-checkManifestLockResult.txt",
			);
			runOnlyForDeploymentPostprocessing = 0;
			shellPath = /bin/sh;
			shellScript = "diff \"${PODS_PODFILE_DIR_PATH}/Podfile.lock\" \"${PODS_ROOT}/Manifest.lock\" > /dev/null\nif [ $? != 0 ] ; then\n    # print error to STDERR\n    echo \"error: The sandbox is not in sync with the Podfile.lock. Run 'pod install' or update your CocoaPods installation.\" >&2\n    exit 1\nfi\n# This output is used by Xcode 'outputs' to avoid re-running this script phase.\necho \"SUCCESS\" > \"${SCRIPT_OUTPUT_FILE_0}\"\n";
			showEnvVarsInLog = 0;
		};
/* End PBXShellScriptBuildPhase section */

/* Begin PBXSourcesBuildPhase section */
		57EA493026B08349005907C3 /* Sources */ = {
			isa = PBXSourcesBuildPhase;
			buildActionMask = 2147483647;
			files = (
				5723440526B0B1B600B401BC /* DriverTableViewCell.swift in Sources */,
				572343F726B0A13A00B401BC /* EndPoint.swift in Sources */,
				572343E626B0993E00B401BC /* LayoutableView.swift in Sources */,
				572343EE26B09CCE00B401BC /* ViewModel.swift in Sources */,
				572343E926B09A1700B401BC /* MainView.swift in Sources */,
				5723440E26B0B94C00B401BC /* DetailView.swift in Sources */,
				57EA493C26B08349005907C3 /* MainViewController.swift in Sources */,
				5723441426B0BBB100B401BC /* DetailViewModel.swift in Sources */,
				5723440B26B0B92500B401BC /* DetailViewController.swift in Sources */,
				572343E426B098FD00B401BC /* LayoutableViewController.swift in Sources */,
				57EA493826B08349005907C3 /* AppDelegate.swift in Sources */,
				5723440726B0B22C00B401BC /* BaseTableViewCell.swift in Sources */,
				572343DF26B097E000B401BC /* BaseViewController.swift in Sources */,
				572343FC26B0A24600B401BC /* ProgressHUDPresentable.swift in Sources */,
				572343FA26B0A17E00B401BC /* Alamofire+Extensions.swift in Sources */,
				5723440326B0A99100B401BC /* AlertPresentable.swift in Sources */,
				5723440126B0A5B000B401BC /* Driver.swift in Sources */,
				5723441126B0BB7300B401BC /* DriverDetail.swift in Sources */,
				572343FF26B0A56B00B401BC /* DriverList.swift in Sources */,
				572343F526B0A0BE00B401BC /* Logger.swift in Sources */,
				572343F126B09FBA00B401BC /* Service.swift in Sources */,
				572343F326B0A0A400B401BC /* APISession.swift in Sources */,
				572343E126B097EE00B401BC /* BaseView.swift in Sources */,
				572343EC26B09BFD00B401BC /* MainViewModel.swift in Sources */,
			);
			runOnlyForDeploymentPostprocessing = 0;
		};
/* End PBXSourcesBuildPhase section */

/* Begin PBXVariantGroup section */
		57EA494226B0834C005907C3 /* LaunchScreen.storyboard */ = {
			isa = PBXVariantGroup;
			children = (
				57EA494326B0834C005907C3 /* Base */,
			);
			name = LaunchScreen.storyboard;
			sourceTree = "<group>";
		};
/* End PBXVariantGroup section */

/* Begin XCBuildConfiguration section */
		57EA494626B0834C005907C3 /* Debug */ = {
			isa = XCBuildConfiguration;
			buildSettings = {
				ALWAYS_SEARCH_USER_PATHS = NO;
				CLANG_ANALYZER_NONNULL = YES;
				CLANG_ANALYZER_NUMBER_OBJECT_CONVERSION = YES_AGGRESSIVE;
				CLANG_CXX_LANGUAGE_STANDARD = "gnu++14";
				CLANG_CXX_LIBRARY = "libc++";
				CLANG_ENABLE_MODULES = YES;
				CLANG_ENABLE_OBJC_ARC = YES;
				CLANG_ENABLE_OBJC_WEAK = YES;
				CLANG_WARN_BLOCK_CAPTURE_AUTORELEASING = YES;
				CLANG_WARN_BOOL_CONVERSION = YES;
				CLANG_WARN_COMMA = YES;
				CLANG_WARN_CONSTANT_CONVERSION = YES;
				CLANG_WARN_DEPRECATED_OBJC_IMPLEMENTATIONS = YES;
				CLANG_WARN_DIRECT_OBJC_ISA_USAGE = YES_ERROR;
				CLANG_WARN_DOCUMENTATION_COMMENTS = YES;
				CLANG_WARN_EMPTY_BODY = YES;
				CLANG_WARN_ENUM_CONVERSION = YES;
				CLANG_WARN_INFINITE_RECURSION = YES;
				CLANG_WARN_INT_CONVERSION = YES;
				CLANG_WARN_NON_LITERAL_NULL_CONVERSION = YES;
				CLANG_WARN_OBJC_IMPLICIT_RETAIN_SELF = YES;
				CLANG_WARN_OBJC_LITERAL_CONVERSION = YES;
				CLANG_WARN_OBJC_ROOT_CLASS = YES_ERROR;
				CLANG_WARN_QUOTED_INCLUDE_IN_FRAMEWORK_HEADER = YES;
				CLANG_WARN_RANGE_LOOP_ANALYSIS = YES;
				CLANG_WARN_STRICT_PROTOTYPES = YES;
				CLANG_WARN_SUSPICIOUS_MOVE = YES;
				CLANG_WARN_UNGUARDED_AVAILABILITY = YES_AGGRESSIVE;
				CLANG_WARN_UNREACHABLE_CODE = YES;
				CLANG_WARN__DUPLICATE_METHOD_MATCH = YES;
				COPY_PHASE_STRIP = NO;
				DEBUG_INFORMATION_FORMAT = dwarf;
				ENABLE_STRICT_OBJC_MSGSEND = YES;
				ENABLE_TESTABILITY = YES;
				GCC_C_LANGUAGE_STANDARD = gnu11;
				GCC_DYNAMIC_NO_PIC = NO;
				GCC_NO_COMMON_BLOCKS = YES;
				GCC_OPTIMIZATION_LEVEL = 0;
				GCC_PREPROCESSOR_DEFINITIONS = (
					"DEBUG=1",
					"$(inherited)",
				);
				GCC_WARN_64_TO_32_BIT_CONVERSION = YES;
				GCC_WARN_ABOUT_RETURN_TYPE = YES_ERROR;
				GCC_WARN_UNDECLARED_SELECTOR = YES;
				GCC_WARN_UNINITIALIZED_AUTOS = YES_AGGRESSIVE;
				GCC_WARN_UNUSED_FUNCTION = YES;
				GCC_WARN_UNUSED_VARIABLE = YES;
				IPHONEOS_DEPLOYMENT_TARGET = 14.5;
				MTL_ENABLE_DEBUG_INFO = INCLUDE_SOURCE;
				MTL_FAST_MATH = YES;
				ONLY_ACTIVE_ARCH = YES;
				SDKROOT = iphoneos;
				SWIFT_ACTIVE_COMPILATION_CONDITIONS = DEBUG;
				SWIFT_OPTIMIZATION_LEVEL = "-Onone";
			};
			name = Debug;
		};
		57EA494726B0834C005907C3 /* Release */ = {
			isa = XCBuildConfiguration;
			buildSettings = {
				ALWAYS_SEARCH_USER_PATHS = NO;
				CLANG_ANALYZER_NONNULL = YES;
				CLANG_ANALYZER_NUMBER_OBJECT_CONVERSION = YES_AGGRESSIVE;
				CLANG_CXX_LANGUAGE_STANDARD = "gnu++14";
				CLANG_CXX_LIBRARY = "libc++";
				CLANG_ENABLE_MODULES = YES;
				CLANG_ENABLE_OBJC_ARC = YES;
				CLANG_ENABLE_OBJC_WEAK = YES;
				CLANG_WARN_BLOCK_CAPTURE_AUTORELEASING = YES;
				CLANG_WARN_BOOL_CONVERSION = YES;
				CLANG_WARN_COMMA = YES;
				CLANG_WARN_CONSTANT_CONVERSION = YES;
				CLANG_WARN_DEPRECATED_OBJC_IMPLEMENTATIONS = YES;
				CLANG_WARN_DIRECT_OBJC_ISA_USAGE = YES_ERROR;
				CLANG_WARN_DOCUMENTATION_COMMENTS = YES;
				CLANG_WARN_EMPTY_BODY = YES;
				CLANG_WARN_ENUM_CONVERSION = YES;
				CLANG_WARN_INFINITE_RECURSION = YES;
				CLANG_WARN_INT_CONVERSION = YES;
				CLANG_WARN_NON_LITERAL_NULL_CONVERSION = YES;
				CLANG_WARN_OBJC_IMPLICIT_RETAIN_SELF = YES;
				CLANG_WARN_OBJC_LITERAL_CONVERSION = YES;
				CLANG_WARN_OBJC_ROOT_CLASS = YES_ERROR;
				CLANG_WARN_QUOTED_INCLUDE_IN_FRAMEWORK_HEADER = YES;
				CLANG_WARN_RANGE_LOOP_ANALYSIS = YES;
				CLANG_WARN_STRICT_PROTOTYPES = YES;
				CLANG_WARN_SUSPICIOUS_MOVE = YES;
				CLANG_WARN_UNGUARDED_AVAILABILITY = YES_AGGRESSIVE;
				CLANG_WARN_UNREACHABLE_CODE = YES;
				CLANG_WARN__DUPLICATE_METHOD_MATCH = YES;
				COPY_PHASE_STRIP = NO;
				DEBUG_INFORMATION_FORMAT = "dwarf-with-dsym";
				ENABLE_NS_ASSERTIONS = NO;
				ENABLE_STRICT_OBJC_MSGSEND = YES;
				GCC_C_LANGUAGE_STANDARD = gnu11;
				GCC_NO_COMMON_BLOCKS = YES;
				GCC_WARN_64_TO_32_BIT_CONVERSION = YES;
				GCC_WARN_ABOUT_RETURN_TYPE = YES_ERROR;
				GCC_WARN_UNDECLARED_SELECTOR = YES;
				GCC_WARN_UNINITIALIZED_AUTOS = YES_AGGRESSIVE;
				GCC_WARN_UNUSED_FUNCTION = YES;
				GCC_WARN_UNUSED_VARIABLE = YES;
				IPHONEOS_DEPLOYMENT_TARGET = 14.5;
				MTL_ENABLE_DEBUG_INFO = NO;
				MTL_FAST_MATH = YES;
				SDKROOT = iphoneos;
				SWIFT_COMPILATION_MODE = wholemodule;
				SWIFT_OPTIMIZATION_LEVEL = "-O";
				VALIDATE_PRODUCT = YES;
			};
			name = Release;
		};
		57EA494926B0834C005907C3 /* Debug */ = {
			isa = XCBuildConfiguration;
			baseConfigurationReference = 2376FAA9116612637BC1563E /* Pods-ios-template.debug.xcconfig */;
			buildSettings = {
				ASSETCATALOG_COMPILER_APPICON_NAME = AppIcon;
				ASSETCATALOG_COMPILER_GLOBAL_ACCENT_COLOR_NAME = AccentColor;
				CODE_SIGN_STYLE = Automatic;
				INFOPLIST_FILE = "$(SRCROOT)/ios-template/Supporting Files/Plists/Info.plist";
				IPHONEOS_DEPLOYMENT_TARGET = 11.0;
				LD_RUNPATH_SEARCH_PATHS = (
					"$(inherited)",
					"@executable_path/Frameworks",
				);
				PRODUCT_BUNDLE_IDENTIFIER = "com.muhammedkarakul.f1-drivers-app";
				PRODUCT_NAME = "$(TARGET_NAME)";
				SWIFT_VERSION = 5.0;
				TARGETED_DEVICE_FAMILY = 1;
			};
			name = Debug;
		};
		57EA494A26B0834C005907C3 /* Release */ = {
			isa = XCBuildConfiguration;
			baseConfigurationReference = 2FCBA878FD148C345FCB92EF /* Pods-ios-template.release.xcconfig */;
			buildSettings = {
				ASSETCATALOG_COMPILER_APPICON_NAME = AppIcon;
				ASSETCATALOG_COMPILER_GLOBAL_ACCENT_COLOR_NAME = AccentColor;
				CODE_SIGN_STYLE = Automatic;
				INFOPLIST_FILE = "$(SRCROOT)/ios-template/Supporting Files/Plists/Info.plist";
				IPHONEOS_DEPLOYMENT_TARGET = 11.0;
				LD_RUNPATH_SEARCH_PATHS = (
					"$(inherited)",
					"@executable_path/Frameworks",
				);
				PRODUCT_BUNDLE_IDENTIFIER = "com.muhammedkarakul.f1-drivers-app";
				PRODUCT_NAME = "$(TARGET_NAME)";
				SWIFT_VERSION = 5.0;
				TARGETED_DEVICE_FAMILY = 1;
			};
			name = Release;
		};
/* End XCBuildConfiguration section */

/* Begin XCConfigurationList section */
		57EA492F26B08349005907C3 /* Build configuration list for PBXProject "ios-template" */ = {
			isa = XCConfigurationList;
			buildConfigurations = (
				57EA494626B0834C005907C3 /* Debug */,
				57EA494726B0834C005907C3 /* Release */,
			);
			defaultConfigurationIsVisible = 0;
			defaultConfigurationName = Release;
		};
		57EA494826B0834C005907C3 /* Build configuration list for PBXNativeTarget "ios-template" */ = {
			isa = XCConfigurationList;
			buildConfigurations = (
				57EA494926B0834C005907C3 /* Debug */,
				57EA494A26B0834C005907C3 /* Release */,
			);
			defaultConfigurationIsVisible = 0;
			defaultConfigurationName = Release;
		};
/* End XCConfigurationList section */
	};
	rootObject = 57EA492C26B08349005907C3 /* Project object */;
}
